
Microsoft Visual Studio Solution File, Format Version 12.00
# Visual Studio Version 17
VisualStudioVersion = 17.10.35027.167
MinimumVisualStudioVersion = 10.0.40219.1
Project("{FAE04EC0-301F-11D3-BF4B-00C04F79EFBC}") = "myBase", "myBase.csproj", "{FEEB1B90-CAA1-4E81-B109-39284DCB7530}"
EndProject
Global
	GlobalSection(SolutionConfigurationPlatforms) = preSolution
		Debug|Any CPU = Debug|Any CPU
		Release|Any CPU = Release|Any CPU
	EndGlobalSection
	GlobalSection(ProjectConfigurationPlatforms) = postSolution
		{FEEB1B90-CAA1-4E81-B109-39284DCB7530}.Debug|Any CPU.ActiveCfg = Debug|Any CPU
		{FEEB1B90-CAA1-4E81-B109-39284DCB7530}.Debug|Any CPU.Build.0 = Debug|Any CPU
		{FEEB1B90-CAA1-4E81-B109-39284DCB7530}.Release|Any CPU.ActiveCfg = Release|Any CPU
		{FEEB1B90-CAA1-4E81-B109-39284DCB7530}.Release|Any CPU.Build.0 = Release|Any CPU
	EndGlobalSection
	GlobalSection(SolutionProperties) = preSolution
		HideSolutionNode = FALSE
	EndGlobalSection
	GlobalSection(ExtensibilityGlobals) = postSolution
		SolutionGuid = {0D06ED0B-00AF-4077-B2DD-70589ABD1D31}
	EndGlobalSection
EndGlobal
